---
lockfileVersion: '9.0'

importers:

  .:
    configDependencies: {}
    packageManagerDependencies:
      '@pnpm/exe':
        specifier: ^11.1.2
        version: 11.7.0
      pnpm:
        specifier: ^11.1.2
        version: 11.7.0

packages:

  '@pnpm/exe@11.7.0':
    resolution: {integrity: sha512-3CujpSSp2PIDE0pwu7mWSdjhdDqaZa7OppVooECWWaNEoA/z66s9FZts1MhDO+2yq1XER4gBHh84DVbFN/r1rA==}
    hasBin: true

  '@pnpm/linux-arm64@11.7.0':
    resolution: {integrity: sha512-ANTX2SlMO+d2y/4bYQhHCwHPX7gSSADJ5+pMUIiDFzIsybnFFaJdZboaFfq9NOxCbETcnDxqZ95Rz3+NHx1JIw==}
    cpu: [arm64]
    os: [linux]

  '@pnpm/linux-x64@11.7.0':
    resolution: {integrity: sha512-fr75tqixXoS8cnA81HQIomjOGEPnsOsd3xCDL5pMNY5raOXbKurtgRV+RjATvjxlJxSLIVFKegABlxAiB7q72A==}
    cpu: [x64]
    os: [linux]

  '@pnpm/linuxstatic-arm64@11.7.0':
    resolution: {integrity: sha512-Q++pgzvXkGeqnVRl26/uqmpMGdttQus0rGyL3XIfYGLCi8ZfajYUaCKdZID2MH7+CNOuugWDdFDup3r7BR7Rfg==}
    cpu: [arm64]
    os: [linux]
    libc: [musl]

  '@pnpm/linuxstatic-x64@11.7.0':
    resolution: {integrity: sha512-z1+exW6ocU/rmOvJnmU3FUBJYaryCUqFoaXN6KZW5BqTj7BPJb7HJcAyXRlirNZMJlEiUY5rXbfStGPQJhGsVA==}
    cpu: [x64]
    os: [linux]
    libc: [musl]

  '@pnpm/macos-arm64@11.7.0':
    resolution: {integrity: sha512-gD34/k3JT5oab4BYaqrUor3e4VdwXvkfLNlEI+lvDtX1MHT+2Nauc9p9NsQnpn1zE8blQEflzbF8wAUQ6Dmvkw==}
    cpu: [arm64]
    os: [darwin]

  '@pnpm/win-arm64@11.7.0':
    resolution: {integrity: sha512-hRTcDmm2j7KoRwbqNo0rUAu9A1kVJN98Eob7H09U0uPJbEMax85JGOmERkT3Lf6HjVJuFNBvfaJ3OTI3HmlVGg==}
    cpu: [arm64]
    os: [win32]

  '@pnpm/win-x64@11.7.0':
    resolution: {integrity: sha512-r/1NuKY7Z+6ZXVIzVrUEMj6TTEBdR63geV4Rlm8HKEhgQTdxyIsJoqV3FJGqoyzbRaScObqAwRfMaK9dskPddQ==}
    cpu: [x64]
    os: [win32]

  '@reflink/reflink-darwin-arm64@0.1.19':
    resolution: {integrity: sha512-ruy44Lpepdk1FqDz38vExBY/PVUsjxZA+chd9wozjUH9JjuDT/HEaQYA6wYN9mf041l0yLVar6BCZuWABJvHSA==}
    engines: {node: '>= 10'}
    cpu: [arm64]
    os: [darwin]

  '@reflink/reflink-darwin-x64@0.1.19':
    resolution: {integrity: sha512-By85MSWrMZa+c26TcnAy8SDk0sTUkYlNnwknSchkhHpGXOtjNDUOxJE9oByBnGbeuIE1PiQsxDG3Ud+IVV9yuA==}
    engines: {node: '>= 10'}
    cpu: [x64]
    os: [darwin]

  '@reflink/reflink-linux-arm64-gnu@0.1.19':
    resolution: {integrity: sha512-7P+er8+rP9iNeN+bfmccM4hTAaLP6PQJPKWSA4iSk2bNvo6KU6RyPgYeHxXmzNKzPVRcypZQTpFgstHam6maVg==}
    engines: {node: '>= 10'}
    cpu: [arm64]
    os: [linux]
    libc: [glibc]

  '@reflink/reflink-linux-arm64-musl@0.1.19':
    resolution: {integrity: sha512-37iO/Dp6m5DDaC2sf3zPtx/hl9FV3Xze4xoYidrxxS9bgP3S8ALroxRK6xBG/1TtfXKTvolvp+IjrUU6ujIGmA==}
    engines: {node: '>= 10'}
    cpu: [arm64]
    os: [linux]
    libc: [musl]

  '@reflink/reflink-linux-x64-gnu@0.1.19':
    resolution: {integrity: sha512-jbI8jvuYCaA3MVUdu8vLoLAFqC+iNMpiSuLbxlAgg7x3K5bsS8nOpTRnkLF7vISJ+rVR8W+7ThXlXlUQ93ulkw==}
    engines: {node: '>= 10'}
    cpu: [x64]
    os: [linux]
    libc: [glibc]

  '@reflink/reflink-linux-x64-musl@0.1.19':
    resolution: {integrity: sha512-e9FBWDe+lv7QKAwtKOt6A2W/fyy/aEEfr0g6j/hWzvQcrzHCsz07BNQYlNOjTfeytrtLU7k449H1PI95jA4OjQ==}
    engines: {node: '>= 10'}
    cpu: [x64]
    os: [linux]
    libc: [musl]

  '@reflink/reflink-win32-arm64-msvc@0.1.19':
    resolution: {integrity: sha512-09PxnVIQcd+UOn4WAW73WU6PXL7DwGS6wPlkMhMg2zlHHG65F3vHepOw06HFCq+N42qkaNAc8AKIabWvtk6cIQ==}
    engines: {node: '>= 10'}
    cpu: [arm64]
    os: [win32]

  '@reflink/reflink-win32-x64-msvc@0.1.19':
    resolution: {integrity: sha512-E//yT4ni2SyhwP8JRjVGWr3cbnhWDiPLgnQ66qqaanjjnMiu3O/2tjCPQXlcGc/DEYofpDc9fvhv6tALQsMV9w==}
    engines: {node: '>= 10'}
    cpu: [x64]
    os: [win32]

  '@reflink/reflink@0.1.19':
    resolution: {integrity: sha512-DmCG8GzysnCZ15bres3N5AHCmwBwYgp0As6xjhQ47rAUTUXxJiK+lLUxaGsX3hd/30qUpVElh05PbGuxRPgJwA==}
    engines: {node: '>= 10'}

  detect-libc@2.1.2:
    resolution: {integrity: sha512-Btj2BOOO83o3WyH59e8MgXsxEQVcarkUOpEYrubB0urwnN10yQ364rsiByU11nZlqWYZm05i/of7io4mzihBtQ==}
    engines: {node: '>=8'}

  pnpm@11.7.0:
    resolution: {integrity: sha512-GcyFLBIMcSV2DyRD7mvgyltA+fUFmN4aCaHxd1A+AQ5Xwjx3ZG4B52HeWb+HT7IqM5jDOrlpH8E+uUa28PTWIA==}
    engines: {node: '>=22.13'}
    hasBin: true

snapshots:

  '@pnpm/exe@11.7.0':
    dependencies:
      '@reflink/reflink': 0.1.19
      detect-libc: 2.1.2
    optionalDependencies:
      '@pnpm/linux-arm64': 11.7.0
      '@pnpm/linux-x64': 11.7.0
      '@pnpm/linuxstatic-arm64': 11.7.0
      '@pnpm/linuxstatic-x64': 11.7.0
      '@pnpm/macos-arm64': 11.7.0
      '@pnpm/win-arm64': 11.7.0
      '@pnpm/win-x64': 11.7.0

  '@pnpm/linux-arm64@11.7.0':
    optional: true

  '@pnpm/linux-x64@11.7.0':
    optional: true

  '@pnpm/linuxstatic-arm64@11.7.0':
    optional: true

  '@pnpm/linuxstatic-x64@11.7.0':
    optional: true

  '@pnpm/macos-arm64@11.7.0':
    optional: true

  '@pnpm/win-arm64@11.7.0':
    optional: true

  '@pnpm/win-x64@11.7.0':
    optional: true

  '@reflink/reflink-darwin-arm64@0.1.19':
    optional: true

  '@reflink/reflink-darwin-x64@0.1.19':
    optional: true

  '@reflink/reflink-linux-arm64-gnu@0.1.19':
    optional: true

  '@reflink/reflink-linux-arm64-musl@0.1.19':
    optional: true

  '@reflink/reflink-linux-x64-gnu@0.1.19':
    optional: true

  '@reflink/reflink-linux-x64-musl@0.1.19':
    optional: true

  '@reflink/reflink-win32-arm64-msvc@0.1.19':
    optional: true

  '@reflink/reflink-win32-x64-msvc@0.1.19':
    optional: true

  '@reflink/reflink@0.1.19':
    optionalDependencies:
      '@reflink/reflink-darwin-arm64': 0.1.19
      '@reflink/reflink-darwin-x64': 0.1.19
      '@reflink/reflink-linux-arm64-gnu': 0.1.19
      '@reflink/reflink-linux-arm64-musl': 0.1.19
      '@reflink/reflink-linux-x64-gnu': 0.1.19
      '@reflink/reflink-linux-x64-musl': 0.1.19
      '@reflink/reflink-win32-arm64-msvc': 0.1.19
      '@reflink/reflink-win32-x64-msvc': 0.1.19

  detect-libc@2.1.2: {}

  pnpm@11.7.0: {}

---
lockfileVersion: '9.0'

settings:
  autoInstallPeers: true
  excludeLinksFromLockfile: false

importers:

  .:
    dependencies:
      '@effect/ai-openai':
        specifier: 4.0.0-beta.83
        version: 4.0.0-beta.83(effect@4.0.0-beta.83)
      '@effect/ai-openai-compat':
        specifier: 4.0.0-beta.83
        version: 4.0.0-beta.83(effect@4.0.0-beta.83)
      dotenv:
        specifier: ^17.4.2
        version: 17.4.2
      effect:
        specifier: 4.0.0-beta.83
        version: 4.0.0-beta.83
      ora:
        specifier: ^9.4.0
        version: 9.4.0
      oxfmt:
        specifier: ^0.55.0
        version: 0.55.0
      oxlint:
        specifier: ^1.70.0
        version: 1.70.0
    devDependencies:
      '@types/node':
        specifier: ^25.9.3
        version: 25.9.3
      ts-node:
        specifier: ^10.9.2
        version: 10.9.2(@types/node@25.9.3)(typescript@6.0.3)
      tsx:
        specifier: ^4.22.4
        version: 4.22.4
      typescript:
        specifier: ^6.0.3
        version: 6.0.3

packages:

  '@cspotcode/source-map-support@0.8.1':
    resolution: {integrity: sha512-IchNf6dN4tHoMFIn/7OE8LWZ19Y6q/67Bmf6vnGREv8RSbBVb9LPJxEcnwrcwX6ixSvaiGoomAUvu4YSxXrVgw==}
    engines: {node: '>=12'}

  '@effect/ai-openai-compat@4.0.0-beta.83':
    resolution: {integrity: sha512-dIlqP91s5awlssegVT3NirfGR8MBvVWw72E6UjC4JF6B44XaFpnIYmmCE5fm70jPOa65JHZ3AzCrhR8admt8xw==}
    peerDependencies:
      effect: ^4.0.0-beta.83

  '@effect/ai-openai@4.0.0-beta.83':
    resolution: {integrity: sha512-piw6N2UpWzqRQ/4IofrpiqSE4IBWeRVfRGFNCUu1W1kHNyzCOIwy30x+/D3PSlXArb1mkHZ3No6nQ10xBfzV3w==}
    peerDependencies:
      effect: ^4.0.0-beta.83

  '@esbuild/aix-ppc64@0.28.1':
    resolution: {integrity: sha512-Svl7tq8k/08+p6CXPpRjQ1fKX+1odH/BQbb48fV6fj3CWHhsoIOoY87w1oHXm0qEpkIK3ZfVgp0hed3XBXzXMQ==}
    engines: {node: '>=18'}
    cpu: [ppc64]
    os: [aix]

  '@esbuild/android-arm64@0.28.1':
    resolution: {integrity: sha512-34EGEbCIAgosYz6goLcopX6Mo7NyGv9tfwEM2/7Ce2VcVRk568iSvniGWcUXIy7wEDR1wzolcxcriFVrWYcwBg==}
    engines: {node: '>=18'}
    cpu: [arm64]
    os: [android]

  '@esbuild/android-arm@0.28.1':
    resolution: {integrity: sha512-0k2F129Xdio1TdJfzJ8sy1Q47vUD2NnwdhiAf7drUN1EBTfPf4hsFCtmMgu/6m8JSzsBrlmVjudMBQqOfG8usQ==}
    engines: {node: '>=18'}
    cpu: [arm]
    os: [android]

  '@esbuild/android-x64@0.28.1':
    resolution: {integrity: sha512-dbwY7ltSMDWsRatcRpCnES4F+im88OCUgGZjy52shC7GqHRE/cYlxNbB4Z4UpJswpcc4Qxd2oE/ufM0p61IKng==}
    engines: {node: '>=18'}
    cpu: [x64]
    os: [android]

  '@esbuild/darwin-arm64@0.28.1':
    resolution: {integrity: sha512-TZbWkQY7kvTAXbXUT7uVACR5cMHsDiSz9z7ZKAX/RTq/WJEk3QyRr0wZpNhBDX+/0CtdqUIJlOiodQcta6tY3Q==}
    engines: {node: '>=18'}
    cpu: [arm64]
    os: [darwin]

  '@esbuild/darwin-x64@0.28.1':
    resolution: {integrity: sha512-zfdzgK9ACBNZLI/CyHTOx81SyNbM6YXn7rxSgX97VjyiPl9W1i4Ka4fgKECEoFCKGpvBj5qArWIGgQjOwkgskQ==}
    engines: {node: '>=18'}
    cpu: [x64]
    os: [darwin]

  '@esbuild/freebsd-arm64@0.28.1':
    resolution: {integrity: sha512-wG2EA8ENdEI0qhkSZMjfqrdY+ziCYCPMmtZjjIwOmXFjmyzEHn+UUxk5of+SYsjtfs3VpnlC7QLzSI5hY/rOAw==}
    engines: {node: '>=18'}
    cpu: [arm64]
    os: [freebsd]

  '@esbuild/freebsd-x64@0.28.1':
    resolution: {integrity: sha512-i7dZ9vQgnvSCzi/rYCXNgtF/U+eKZNJBzu3eTQbRgHnM7tNSizLOkRFAl3qzVc/Op/u5YkHHa4pf/3DOYHthLQ==}
    engines: {node: '>=18'}
    cpu: [x64]
    os: [freebsd]

  '@esbuild/linux-arm64@0.28.1':
    resolution: {integrity: sha512-yHs+0uc8+nvEAfAfxrWQKK5peSNzBc4PegcMO0EJ2hT71uA7vB8Ihg2e77R2P7SG5uYjPbHlLLmve4LLLRCf0g==}
    engines: {node: '>=18'}
    cpu: [arm64]
    os: [linux]

  '@esbuild/linux-arm@0.28.1':
    resolution: {integrity: sha512-qVXBOHQS+d5Y722GwJzJUtOLlX7km3CraOaGormF1pDtPd2C/l1SHRPgjLunLGe51Sh5YYWKMFDyV4SxgMQYTQ==}
    engines: {node: '>=18'}
    cpu: [arm]
    os: [linux]

  '@esbuild/linux-ia32@0.28.1':
    resolution: {integrity: sha512-d1z4ZuP0ajrfz/FhGT4vv278rX8KnPPJx8i5+AtK7TYbx9Le9F1hyzurZpkEyjkGa9dUGhQow4C1NmeGvqxN2w==}
    engines: {node: '>=18'}
    cpu: [ia32]
    os: [linux]

  '@esbuild/linux-loong64@0.28.1':
    resolution: {integrity: sha512-M5sRjUVZrkm1OAPR3dlOYzNmN+loZKGVi1VUQGrwuqLcbR6qeAz+famMhjASeH3YVKvZz+zT1jlh/keC3Rj/lg==}
    engines: {node: '>=18'}
    cpu: [loong64]
    os: [linux]

  '@esbuild/linux-mips64el@0.28.1':
    resolution: {integrity: sha512-mRObBZeHh2OxcBFPWE/FjylkRgZdYuiTR3vaTozquCGOH14iP9oN4x4Ge81CoIDYQrXmIxpFumJBu5MtZpnQJQ==}
    engines: {node: '>=18'}
    cpu: [mips64el]
    os: [linux]

  '@esbuild/linux-ppc64@0.28.1':
    resolution: {integrity: sha512-slScBsMAb3GFDcdrCgLwZtPYRoH2H/youv10QiZyRjmsP48fznoveWytSgCI/R0ZcUgpc0ZhIUEx6LHts8yrfQ==}
    engines: {node: '>=18'}
    cpu: [ppc64]
    os: [linux]

  '@esbuild/linux-riscv64@0.28.1':
    resolution: {integrity: sha512-kw0owk1o0GFETUJyW0jc0G4Yzs0BHZn0JDZ8JRT088vjJYX777BAs1fDGxAC+q831qOs2DTC96mNsG2opdfyyQ==}
    engines: {node: '>=18'}
    cpu: [riscv64]
    os: [linux]

  '@esbuild/linux-s390x@0.28.1':
    resolution: {integrity: sha512-/lAIjX8aYFRByhh6L5rYtPEDRqa9de/4V/juOXcta5frjvzXO4/sqEtyytse0g3zZFuWu5cDN0MkLz2qRDD2Ag==}
    engines: {node: '>=18'}
    cpu: [s390x]
    os: [linux]

  '@esbuild/linux-x64@0.28.1':
    resolution: {integrity: sha512-u/anNYF2mmVOEDwLtnQ1wOr3EZ9sTNGLWrsYGYwHWzGA3Si84IOkHXlbWTD1NB+9/1lcnweYKO54uhxZydNzfA==}
    engines: {node: '>=18'}
    cpu: [x64]
    os: [linux]

  '@esbuild/netbsd-arm64@0.28.1':
    resolution: {integrity: sha512-oks0DYbLwWMmaakTsCb+zL4E+aHRVLom9IJZOAthMQEPiQmydXHkziYEsGYRx0uNV/IjEKGAV941JzH02pflqw==}
    engines: {node: '>=18'}
    cpu: [arm64]
    os: [netbsd]

  '@esbuild/netbsd-x64@0.28.1':
    resolution: {integrity: sha512-aeL6lAnN89Hz43Mlh1G8ARasbuoYvSITDEx0tHh5b7jJnHcssqgjy9Yx430GDpmCa6OyrKoS0aNRjKundRizGg==}
    engines: {node: '>=18'}
    cpu: [x64]
    os: [netbsd]

  '@esbuild/openbsd-arm64@0.28.1':
    resolution: {integrity: sha512-MEFJe5C3R8pwXdZ5Y21oo6m7ePiS0d9pWucn99O/wvyJZChoIQKrQDxKrGeW8F5+T0okTHesAmDeiHDTIq0V/Q==}
    engines: {node: '>=18'}
    cpu: [arm64]
    os: [openbsd]

  '@esbuild/openbsd-x64@0.28.1':
    resolution: {integrity: sha512-i/ZLIOafE0Z8cI/XANJAixoJL/uRAoS2xOA3rb0xN+KK0K177cMAsQYkzHtBrtMXAKuAc7HGgcWiZ/sRC1Nxgw==}
    engines: {node: '>=18'}
    cpu: [x64]
    os: [openbsd]

  '@esbuild/openharmony-arm64@0.28.1':
    resolution: {integrity: sha512-ge+Z7EXFNt2BO1oAMsVpiQ8EwndV9i1xXerAeTIK7AtPs3bKFXQM7nlRxDSIUIMeueR1CNXxqztLzdNeReKBJg==}
    engines: {node: '>=18'}
    cpu: [arm64]
    os: [openharmony]

  '@esbuild/sunos-x64@0.28.1':
    resolution: {integrity: sha512-BEjgtECkL3vY+SaSQ6nzVfiALUeFxpawyp8Jmf5PtYhf1Ug40N1h/hxlhts+f1FvSvarEigdxS3BlSMI2PJLcQ==}
    engines: {node: '>=18'}
    cpu: [x64]
    os: [sunos]

  '@esbuild/win32-arm64@0.28.1':
    resolution: {integrity: sha512-lCv9eK/H6ZJWbE7bh2nw54CZ9M2nupBxJcTsdk/QQnWkdSjKGuxmmH8/GWrlT1eMmZfn4dGcCjRte397WqfQXA==}
    engines: {node: '>=18'}
    cpu: [arm64]
    os: [win32]

  '@esbuild/win32-ia32@0.28.1':
    resolution: {integrity: sha512-zvb/mB2bSCoJOpoCBgYKKpX6YM6mJBlBUVUtVj41DlZJVEB6/0CKlRYxP5wWl1C1ILiCoAU5wZZ4q1P3qeS6Eg==}
    engines: {node: '>=18'}
    cpu: [ia32]
    os: [win32]

  '@esbuild/win32-x64@0.28.1':
    resolution: {integrity: sha512-bm4Mowrv+GXMlpWX++EcXw/iLyd1o3+bJkC2DkWXYVvgZCqD/bSj9ctZeAMC3cIxgjRVR2Dufaiu4YPxr5gW1A==}
    engines: {node: '>=18'}
    cpu: [x64]
    os: [win32]

  '@jridgewell/resolve-uri@3.1.2':
    resolution: {integrity: sha512-bRISgCIjP20/tbWSPWMEi54QVPRZExkuD9lJL+UIxUKtwVJA8wW1Trb1jMs1RFXo1CBTNZ/5hpC9QvmKWdopKw==}
    engines: {node: '>=6.0.0'}

  '@jridgewell/sourcemap-codec@1.5.5':
    resolution: {integrity: sha512-cYQ9310grqxueWbl+WuIUIaiUaDcj7WOq5fVhEljNVgRfOUhY9fy2zTvfoqWsnebh8Sl70VScFbICvJnLKB0Og==}

  '@jridgewell/trace-mapping@0.3.9':
    resolution: {integrity: sha512-3Belt6tdc8bPgAtbcmdtNJlirVoTmEb5e2gC94PnkwEW9jI6CAHUeoG85tjWP5WquqfavoMtMwiG4P926ZKKuQ==}

  '@msgpackr-extract/msgpackr-extract-darwin-arm64@3.0.4':
    resolution: {integrity: sha512-LCkGo6JDfaBhgST7UpPWgNgLINpcpabaHfyz5OBx75nUYxBsaEPxjnyNjWpeb/xBup/682QnBfRBy2/LvPutZQ==}
    cpu: [arm64]
    os: [darwin]

  '@msgpackr-extract/msgpackr-extract-darwin-x64@3.0.4':
    resolution: {integrity: sha512-zExlW9zUJKZH/tOtVMttwjKa4Xm/3KcNjnE3dPN92uCktwavMxpgCA3MoJK/DOnTWsQgo224OaST27/mPNAf+w==}
    cpu: [x64]
    os: [darwin]

  '@msgpackr-extract/msgpackr-extract-linux-arm64@3.0.4':
    resolution: {integrity: sha512-dgX0P/9wGPJeHFBG+ZmhgE6bmtMt7NP5CRBGyyktpopdk/mW4POnrpQsSLtKI1dwpc+pPLuXHDh6vvskyQE/sw==}
    cpu: [arm64]
    os: [linux]

  '@msgpackr-extract/msgpackr-extract-linux-arm@3.0.4':
    resolution: {integrity: sha512-Tg3yX65f5GbtXLkrYEHE5oibZG9epyYWas7FogTTEJeDEF9JlXJzKgXaNhT3UXlTOeA+AfZpYZYZ0uPj7Cfquw==}
    cpu: [arm]
    os: [linux]

  '@msgpackr-extract/msgpackr-extract-linux-x64@3.0.4':
    resolution: {integrity: sha512-8TNXMEjJc3QEy7R/x1INhgiU+XakDAFUzBhaz7+Rbrs8NH5UQeHQxxmzsSBJGyV6I1jW79undiQm8tOI+D+8FQ==}
    cpu: [x64]
    os: [linux]

  '@msgpackr-extract/msgpackr-extract-win32-x64@3.0.4':
    resolution: {integrity: sha512-CmCXPQrkbwExx3j946/PtHWHbYJiCRBRDl4BlkRQcJB/YOwQxJRTpoo7aTsortjgoJ1x7opzTSxn7C+ASSLVjQ==}
    cpu: [x64]
    os: [win32]

  '@oxfmt/binding-android-arm-eabi@0.55.0':
    resolution: {integrity: sha512-+rFDOqQe5LOWgxrAJaZgLRudr6GQm0wGI6gtu7vVkrdLGjNMUSGbAlaCr8j7F2H2Er97vYQCU8WDb30onqMM1g==}
    engines: {node: ^20.19.0 || >=22.12.0}
    cpu: [arm]
    os: [android]

  '@oxfmt/binding-android-arm64@0.55.0':
    resolution: {integrity: sha512-ctulLq8s3x8Zmvw6+iccB09TIKERAklRSmbJ10gk8mlAn05qZxoyo52dj3Hi9IJcmDSwF54fQaTVh2CbL6PInw==}
    engines: {node: ^20.19.0 || >=22.12.0}
    cpu: [arm64]
    os: [android]

  '@oxfmt/binding-darwin-arm64@0.55.0':
    resolution: {integrity: sha512-xDQczLH9pw/RBk1h/GH0qcGMm8hQtmtVHBNLSH3lk1gEIR09hZ4L+mJQl4VqiVAvPK9VG9PYrWWuSQLt7xTbiA==}
    engines: {node: ^20.19.0 || >=22.12.0}
    cpu: [arm64]
    os: [darwin]

  '@oxfmt/binding-darwin-x64@0.55.0':
    resolution: {integrity: sha512-JaNoFCkF2CJdGgpPSMbuO9HVyXyoNGIhMHPvp6NYAjeVKw9XEYc0HcUWJLPQa3Q69WV5wMa9m5jPMJPtbLtcRg==}
    engines: {node: ^20.19.0 || >=22.12.0}
    cpu: [x64]
    os: [darwin]

  '@oxfmt/binding-freebsd-x64@0.55.0':
    resolution: {integrity: sha512-DNbszhpg6S2MIzax5azdHFTTBIVkR5xr8yyRZuA4yoDAwOkzIp3tmldgKZM2+VlT+hJIG0xUksA+elISzMEAfA==}
    engines: {node: ^20.19.0 || >=22.12.0}
    cpu: [x64]
    os: [freebsd]

  '@oxfmt/binding-linux-arm-gnueabihf@0.55.0':
    resolution: {integrity: sha512-2snoaoRfFFyGnbOcKUK36rREBYxe/Xgz3uHbiA5zbCB/s6R4DQj4mHqYAaWWhgizCUSDxV8cE9zAZ0XleNpKGw==}
    engines: {node: ^20.19.0 || >=22.12.0}
    cpu: [arm]
    os: [linux]

  '@oxfmt/binding-linux-arm-musleabihf@0.55.0':
    resolution: {integrity: sha512-q1aktHF/WRpSK81BX1dE/9vWrS2jGw1Nax2kb4DBLGAewubCLcoNyp4Zl/NSMgbv3vUS46Z33wIQkBVYOP3PYg==}
    engines: {node: ^20.19.0 || >=22.12.0}
    cpu: [arm]
    os: [linux]

  '@oxfmt/binding-linux-arm64-gnu@0.55.0':
    resolution: {integrity: sha512-VD0y36aENezl/3tsclA/4G53Cc7iV+7Uoh7gz4yvcOTaEYBtJpQsE6PKDGTtUtOvGS4kv51ybfXY/nWZejO5IA==}
    engines: {node: ^20.19.0 || >=22.12.0}
    cpu: [arm64]
    os: [linux]
    libc: [glibc]

  '@oxfmt/binding-linux-arm64-musl@0.55.0':
    resolution: {integrity: sha512-r8xlKJFcsRmn0H5jZrdORae6RX9jDBrZVvOoxF+bCQtampQJClv80aZEHsv+NsLsp2KCE5ql79O7DpPVzYWpXA==}
    engines: {node: ^20.19.0 || >=22.12.0}
    cpu: [arm64]
    os: [linux]
    libc: [musl]

  '@oxfmt/binding-linux-ppc64-gnu@0.55.0':
    resolution: {integrity: sha512-GRKv/HXHcwIVld/WU61rF0g0R16hl5EJ+ScKdpjevT57lnLnagj/U2YUbXf2mT+2Pg1uCzWC+mvGicPV3CDdLQ==}
    engines: {node: ^20.19.0 || >=22.12.0}
    cpu: [ppc64]
    os: [linux]
    libc: [glibc]

  '@oxfmt/binding-linux-riscv64-gnu@0.55.0':
    resolution: {integrity: sha512-rdv57enTiPtpSYRMKfAiEbQb0Puw5t9N7isVinDoo5qeLDScro2gznmZqSgSWbVZRzLisTeCTW8Qwgw0bOHv3A==}
    engines: {node: ^20.19.0 || >=22.12.0}
    cpu: [riscv64]
    os: [linux]
    libc: [glibc]

  '@oxfmt/binding-linux-riscv64-musl@0.55.0':
    resolution: {integrity: sha512-7v1nNrlD43VY6+sYQ6efYyb3lE6QY182304PD/768ZxTjOmFd/3dQa3u/nGBUAXYdGSWOQc5N3PnS0QzUXyEIA==}
    engines: {node: ^20.19.0 || >=22.12.0}
    cpu: [riscv64]
    os: [linux]
    libc: [musl]

  '@oxfmt/binding-linux-s390x-gnu@0.55.0':
    resolution: {integrity: sha512-f4lJLUSPOgScjFl9LiflKCTocyNRwE25JmTMbN4XQdDjoZzEHjqf3wA3VESF1/csg7i8m7+EQLbrZyYDqe10UQ==}
    engines: {node: ^20.19.0 || >=22.12.0}
    cpu: [s390x]
    os: [linux]
    libc: [glibc]

  '@oxfmt/binding-linux-x64-gnu@0.55.0':
    resolution: {integrity: sha512-MihqiPziJNoWy4MqNSV+jVA1g+07iQDjZiR0vaCaDoPgFEiJpCMsxamktzLV07cEeQsSJ04vQaU4CzCQwIvtDA==}
    engines: {node: ^20.19.0 || >=22.12.0}
    cpu: [x64]
    os: [linux]
    libc: [glibc]

  '@oxfmt/binding-linux-x64-musl@0.55.0':
    resolution: {integrity: sha512-Yqghym7KYAVjP9MmSrNZiDeerMuoejNjo0r3ox5H3GDKk8eAfl8VyJm9i+pWCLDCTnAbcTUMMN2ZKjUYXH1v3g==}
    engines: {node: ^20.19.0 || >=22.12.0}
    cpu: [x64]
    os: [linux]
    libc: [musl]

  '@oxfmt/binding-openharmony-arm64@0.55.0':
    resolution: {integrity: sha512-s5SDvVVSbyQl1V5UU3Yl12M+XLUQ3rl5SglNqgAA2K4PXUtQhyNSS00wivONPEnNo5W01rCou8WkDNyvI/RGHg==}
    engines: {node: ^20.19.0 || >=22.12.0}
    cpu: [arm64]
    os: [openharmony]

  '@oxfmt/binding-win32-arm64-msvc@0.55.0':
    resolution: {integrity: sha512-7p9FB5R32tw2KyyNX3wpQrR2WHwEHvMEiBlGXxeTCaRMCVNx3UtFMAUbaQ/pRNWIrEUZmYhJ6tcUH52uPTRYjQ==}
    engines: {node: ^20.19.0 || >=22.12.0}
    cpu: [arm64]
    os: [win32]

  '@oxfmt/binding-win32-ia32-msvc@0.55.0':
    resolution: {integrity: sha512-ZYqj3fDnOT1IaVGMP5kpmkQl4F3tQIm2ZyAxvqkJYmI0xgWWak4ss4XYwv3VDfM+TWXeC9K4uQ/wW5jm/5XABA==}
    engines: {node: ^20.19.0 || >=22.12.0}
    cpu: [ia32]
    os: [win32]

  '@oxfmt/binding-win32-x64-msvc@0.55.0':
    resolution: {integrity: sha512-eEYT5tivGnGbPHuOHuQpi6CGLObhh0re/5jcNQHihD2GRYkTM85dyi5a19zjP8Q00t1uqAx+/QGLUGdHeqzWyg==}
    engines: {node: ^20.19.0 || >=22.12.0}
    cpu: [x64]
    os: [win32]

  '@oxlint/binding-android-arm-eabi@1.70.0':
    resolution: {integrity: sha512-zFh0P4cswmRvw6nkyb89dr18rRanuaCPAsEXsFDoQY8WdaquI8Pt4NWFjaMJg6L23cy5NeN8J9cBnREbWzZhaw==}
    engines: {node: ^20.19.0 || >=22.12.0}
    cpu: [arm]
    os: [android]

  '@oxlint/binding-android-arm64@1.70.0':
    resolution: {integrity: sha512-qI8o4HZjeGiBrWv+pJv4lH0Yi2Gl/JSp/EumBUApezJprIKa5PS4nU0lQsQngtky8k+SplQIOjv6hwu0SSxeyg==}
    engines: {node: ^20.19.0 || >=22.12.0}
    cpu: [arm64]
    os: [android]

  '@oxlint/binding-darwin-arm64@1.70.0':
    resolution: {integrity: sha512-8KjgVVHI5F9nVwHCRwwA78Ty7zNKP4Wd9OeN5PSv3iu/F/u1RVXoOCgLhWqust6HmwQG6xc8c+RCyaWENy24+w==}
    engines: {node: ^20.19.0 || >=22.12.0}
    cpu: [arm64]
    os: [darwin]

  '@oxlint/binding-darwin-x64@1.70.0':
    resolution: {integrity: sha512-WVydssv5PSUBXFJTdNBWlmGkbNmvPGaFt/2SUT/EZRB6bq6bEOHmMlbnupZD5jmlEvi9+mZJHi8TCw15lyfSfQ==}
    engines: {node: ^20.19.0 || >=22.12.0}
    cpu: [x64]
    os: [darwin]

  '@oxlint/binding-freebsd-x64@1.70.0':
    resolution: {integrity: sha512-hJucmUf8OlinHNb1R7fI4Fw6WsAstOz7i8nmkWQfiHoZXtbufNm+MxiDTIMk1ggh2Ro4vLzgQ+bKvRY54MZoRA==}
    engines: {node: ^20.19.0 || >=22.12.0}
    cpu: [x64]
    os: [freebsd]

  '@oxlint/binding-linux-arm-gnueabihf@1.70.0':
    resolution: {integrity: sha512-1BnS7wbCYDSXwWzJJ+mc3NURoha6m6m6RT5c6vgAY3oz7C3OVXP+S0awo2mRq97arrJkVvO3qRQfyAHL+76xtQ==}
    engines: {node: ^20.19.0 || >=22.12.0}
    cpu: [arm]
    os: [linux]

  '@oxlint/binding-linux-arm-musleabihf@1.70.0':
    resolution: {integrity: sha512-yKy/UdbR55+M2yEcuiV5DCNC/gdQAjr/GioUy50QwBzSrKm8ueWADqyRLS9Xk+qjNeCYGg6A8FvUBds56ttfqg==}
    engines: {node: ^20.19.0 || >=22.12.0}
    cpu: [arm]
    os: [linux]

  '@oxlint/binding-linux-arm64-gnu@1.70.0':
    resolution: {integrity: sha512-0A5XJ4alvmqFUFP/4oYSyaO+qLto/HrKEWTSaegiVl+HOufFngK2BjYw9x4RbwBt/du5QG6l5q1zeWiJYYG5yg==}
    engines: {node: ^20.19.0 || >=22.12.0}
    cpu: [arm64]
    os: [linux]
    libc: [glibc]

  '@oxlint/binding-linux-arm64-musl@1.70.0':
    resolution: {integrity: sha512-JiylyurlB0CLSedNtx1gzv3FvfWPF1h/2Y3BJszPLNt5XQFlBsH5ke0Jle3iJb3uqu5m2e7A/DwzpuCAHdiU+A==}
    engines: {node: ^20.19.0 || >=22.12.0}
    cpu: [arm64]
    os: [linux]
    libc: [musl]

  '@oxlint/binding-linux-ppc64-gnu@1.70.0':
    resolution: {integrity: sha512-J8VPG7I3/HmgaU4u8pNU2kFx2+0U+vPLS1dXFxXOaR/2TQ0f8AC7DRz0SRGRI1bfphnX2hVYTTtLuhL4nYKL+Q==}
    engines: {node: ^20.19.0 || >=22.12.0}
    cpu: [ppc64]
    os: [linux]
    libc: [glibc]

  '@oxlint/binding-linux-riscv64-gnu@1.70.0':
    resolution: {integrity: sha512-N2+4lV2KLN+oXTIIIwmWDhwkrnvqf5oX7Hw0zPjk+RuIVgiBQSOlJWF7uQoFx2siEYX0ZQ5cfSbEAHm+J3t7Wg==}
    engines: {node: ^20.19.0 || >=22.12.0}
    cpu: [riscv64]
    os: [linux]
    libc: [glibc]

  '@oxlint/binding-linux-riscv64-musl@1.70.0':
    resolution: {integrity: sha512-1e2L7cFCvx9QDzq6NPP+0tABKb5z6nWHyddWTNKprEsjO9xNrAtPowuCGpjNXxkTdsMiZ4jc8YQ5SstZd4XK6g==}
    engines: {node: ^20.19.0 || >=22.12.0}
    cpu: [riscv64]
    os: [linux]
    libc: [musl]

  '@oxlint/binding-linux-s390x-gnu@1.70.0':
    resolution: {integrity: sha512-Kwu/l/8GcYibCWA9m9N5pRXMIKVSsL/YbgpLzYkqDhWTiqdRfnNJ/+nqIKRKQiFbHWsdlHEhzMwruJK+qcEruA==}
    engines: {node: ^20.19.0 || >=22.12.0}
    cpu: [s390x]
    os: [linux]
    libc: [glibc]

  '@oxlint/binding-linux-x64-gnu@1.70.0':
    resolution: {integrity: sha512-tap04CsHYOl0nSAQJfPNIuBxqEPB2HnhQqwaOXLg1jnp2XfRo8Fa814dA4QC4zpvTWXCjAAaCY1W5LOORkEQuQ==}
    engines: {node: ^20.19.0 || >=22.12.0}
    cpu: [x64]
    os: [linux]
    libc: [glibc]

  '@oxlint/binding-linux-x64-musl@1.70.0':
    resolution: {integrity: sha512-hzJa/WgvtJpbBD9rgfy0qe+MjbxOXNUT0bfR1S6EQQzfTtBFA9xg5q8KSwRrQ2QfSS+TaP4j+4mVPQrfNc6UNg==}
    engines: {node: ^20.19.0 || >=22.12.0}
    cpu: [x64]
    os: [linux]
    libc: [musl]

  '@oxlint/binding-openharmony-arm64@1.70.0':
    resolution: {integrity: sha512-xbsaNSNzVSnaJACCUYr1HQMyY/Q/Q1LkePmHG3UvZPvGCYGNxrsZp9OmtA6ick8xH47ltRRbRrPCM1YXYcyC+A==}
    engines: {node: ^20.19.0 || >=22.12.0}
    cpu: [arm64]
    os: [openharmony]

  '@oxlint/binding-win32-arm64-msvc@1.70.0':
    resolution: {integrity: sha512-icAEsUI7JbW1TMRdEXV83mVAInhRVQYuuAlPpxdGwJ95chNdnCzjloRW8GglT0WvzOEZSio6fnYSk2DJ2Hv7LQ==}
    engines: {node: ^20.19.0 || >=22.12.0}
    cpu: [arm64]
    os: [win32]

  '@oxlint/binding-win32-ia32-msvc@1.70.0':
    resolution: {integrity: sha512-FHMSWbVsPVs/f+Jcl04ws4JJ2wUnauyTzlpxWRG/lSO/8GpX08Fo2gQZqdA6CrRFI+zvkxl+N/KwJGWfUwYVZA==}
    engines: {node: ^20.19.0 || >=22.12.0}
    cpu: [ia32]
    os: [win32]

  '@oxlint/binding-win32-x64-msvc@1.70.0':
    resolution: {integrity: sha512-ptOlKwCz7n4AKs5VweMqG6DAg677FmKOK+vBkkL9DMNgFATIQ+upqUYBTOEwRQyRAx1ncGlPlXleV2hIcm3z4g==}
    engines: {node: ^20.19.0 || >=22.12.0}
    cpu: [x64]
    os: [win32]

  '@standard-schema/spec@1.1.0':
    resolution: {integrity: sha512-l2aFy5jALhniG5HgqrD6jXLi/rUWrKvqN/qJx6yoJsgKhblVd+iqqU4RCXavm/jPityDo5TCvKMnpjKnOriy0w==}

  '@tsconfig/node10@1.0.12':
    resolution: {integrity: sha512-UCYBaeFvM11aU2y3YPZ//O5Rhj+xKyzy7mvcIoAjASbigy8mHMryP5cK7dgjlz2hWxh1g5pLw084E0a/wlUSFQ==}

  '@tsconfig/node12@1.0.11':
    resolution: {integrity: sha512-cqefuRsh12pWyGsIoBKJA9luFu3mRxCA+ORZvA4ktLSzIuCUtWVxGIuXigEwO5/ywWFMZ2QEGKWvkZG1zDMTag==}

  '@tsconfig/node14@1.0.3':
    resolution: {integrity: sha512-ysT8mhdixWK6Hw3i1V2AeRqZ5WfXg1G43mqoYlM2nc6388Fq5jcXyr5mRsqViLx/GJYdoL0bfXD8nmF+Zn/Iow==}

  '@tsconfig/node16@1.0.4':
    resolution: {integrity: sha512-vxhUy4J8lyeyinH7Azl1pdd43GJhZH/tP2weN8TntQblOY+A0XbT8DJk1/oCPuOOyg/Ja757rG0CgHcWC8OfMA==}

  '@types/node@25.9.3':
    resolution: {integrity: sha512-603BddQMv3pUcr4U2dhujk83N2tTDVr/34wII2B6bJy6g+8WD6yUb11jszNs0gdi4PesVWl7ABt8nYMVpnLUcg==}

  acorn-walk@8.3.5:
    resolution: {integrity: sha512-HEHNfbars9v4pgpW6SO1KSPkfoS0xVOM/9UzkJltjlsHZmJasxg8aXkuZa7SMf8vKGIBhpUsPluQSqhJFCqebw==}
    engines: {node: '>=0.4.0'}

  acorn@8.17.0:
    resolution: {integrity: sha512-xRQbDb9BnwDafYNn6Vwl839DYVjqXYb1XVGtWAZ1kcDc6iwAL4hg3B1dZlRiuENFeO2H53gFG3in621AdERVAg==}
    engines: {node: '>=0.4.0'}
    hasBin: true

  ansi-regex@6.2.2:
    resolution: {integrity: sha512-Bq3SmSpyFHaWjPk8If9yc6svM8c56dB5BAtW4Qbw5jHTwwXXcTLoRMkpDJp6VL0XzlWaCHTXrkFURMYmD0sLqg==}
    engines: {node: '>=12'}

  arg@4.1.3:
    resolution: {integrity: sha512-58S9QDqG0Xx27YwPSt9fJxivjYl432YCwfDMfZ+71RAqUrZef7LrKQZ3LHLOwCS4FLNBplP533Zx895SeOCHvA==}

  chalk@5.6.2:
    resolution: {integrity: sha512-7NzBL0rN6fMUW+f7A6Io4h40qQlG+xGmtMxfbnH/K7TAtt8JQWVQK+6g0UXKMeVJoyV5EkkNsErQ8pVD3bLHbA==}
    engines: {node: ^12.17.0 || ^14.13 || >=16.0.0}

  cli-cursor@5.0.0:
    resolution: {integrity: sha512-aCj4O5wKyszjMmDT4tZj93kxyydN/K5zPWSCe6/0AV/AA1pqe5ZBIw0a2ZfPQV7lL5/yb5HsUreJ6UFAF1tEQw==}
    engines: {node: '>=18'}

  cli-spinners@3.4.0:
    resolution: {integrity: sha512-bXfOC4QcT1tKXGorxL3wbJm6XJPDqEnij2gQ2m7ESQuE+/z9YFIWnl/5RpTiKWbMq3EVKR4fRLJGn6DVfu0mpw==}
    engines: {node: '>=18.20'}

  create-require@1.1.1:
    resolution: {integrity: sha512-dcKFX3jn0MpIaXjisoRvexIJVEKzaq7z2rZKxf+MSr9TkdmHmsU4m2lcLojrj/FHl8mk5VxMmYA+ftRkP/3oKQ==}

  detect-libc@2.1.2:
    resolution: {integrity: sha512-Btj2BOOO83o3WyH59e8MgXsxEQVcarkUOpEYrubB0urwnN10yQ364rsiByU11nZlqWYZm05i/of7io4mzihBtQ==}
    engines: {node: '>=8'}

  diff@4.0.4:
    resolution: {integrity: sha512-X07nttJQkwkfKfvTPG/KSnE2OMdcUCao6+eXF3wmnIQRn2aPAHH3VxDbDOdegkd6JbPsXqShpvEOHfAT+nCNwQ==}
    engines: {node: '>=0.3.1'}

  dotenv@17.4.2:
    resolution: {integrity: sha512-nI4U3TottKAcAD9LLud4Cb7b2QztQMUEfHbvhTH09bqXTxnSie8WnjPALV/WMCrJZ6UV/qHJ6L03OqO3LcdYZw==}
    engines: {node: '>=12'}

  effect@4.0.0-beta.83:
    resolution: {integrity: sha512-0wsak8RtgGAr9UWSbVDgJHZcUqMSvicHcvaZv1MbMM7MCGgW4Rn/137J1MHQbwYPcwYGxT/IqehFd+UbYuj78w==}

  esbuild@0.28.1:
    resolution: {integrity: sha512-HrJrvZv5ayxBzPfwphOoNzkzOIIlifzk0KJrGK2c8R4+LKpMtpYLQeUdjnwjWv/LZlkH2laZk+4w78pi99D4Vw==}
    engines: {node: '>=18'}
    hasBin: true

  fast-check@4.8.0:
    resolution: {integrity: sha512-GOJ158CUMnN6cSahsv4+ExARvIDuzzinFjkp0E9WtiBa5zcVeLozVkWaE4IzFcc+Y48Wp1EDlUZsXRyAztQcSg==}
    engines: {node: '>=12.17.0'}

  find-my-way-ts@0.1.6:
    resolution: {integrity: sha512-a85L9ZoXtNAey3Y6Z+eBWW658kO/MwR7zIafkIUPUMf3isZG0NCs2pjW2wtjxAKuJPxMAsHUIP4ZPGv0o5gyTA==}

  fsevents@2.3.3:
    resolution: {integrity: sha512-5xoDfX+fL7faATnagmWPpbFtwh/R77WmMMqqHGS65C3vvB0YHrgF+B1YmZ3441tMj5n63k0212XNoJwzlhffQw==}
    engines: {node: ^8.16.0 || ^10.6.0 || >=11.0.0}
    os: [darwin]

  get-east-asian-width@1.6.0:
    resolution: {integrity: sha512-QRbvDIbx6YklUe6RxeTeleMR0yv3cYH6PsPZHcnVn7xv7zO1BHN8r0XETu8n6Ye3Q+ahtSarc3WgtNWmehIBfA==}
    engines: {node: '>=18'}

  ini@7.0.0:
    resolution: {integrity: sha512-ifK0CgjALofS5bkrcTy4RaQ9Vx2Knf/eLeIO+NaswQEpH1UblrtTSCIvN71qQDMq0PeQ/SSPojvEJp9vvvfr+w==}
    engines: {node: ^22.22.2 || ^24.15.0 || >=26.0.0}

  is-interactive@2.0.0:
    resolution: {integrity: sha512-qP1vozQRI+BMOPcjFzrjXuQvdak2pHNUMZoeG2eRbiSqyvbEf/wQtEOTOX1guk6E3t36RkaqiSt8A/6YElNxLQ==}
    engines: {node: '>=12'}

  is-unicode-supported@2.1.0:
    resolution: {integrity: sha512-mE00Gnza5EEB3Ds0HfMyllZzbBrmLOX3vfWoj9A9PEnTfratQ/BcaJOuMhnkhjXvb2+FkY3VuHqtAGpTPmglFQ==}
    engines: {node: '>=18'}

  kubernetes-types@1.30.0:
    resolution: {integrity: sha512-Dew1okvhM/SQcIa2rcgujNndZwU8VnSapDgdxlYoB84ZlpAD43U6KLAFqYo17ykSFGHNPrg0qry0bP+GJd9v7Q==}

  log-symbols@7.0.1:
    resolution: {integrity: sha512-ja1E3yCr9i/0hmBVaM0bfwDjnGy8I/s6PP4DFp+yP+a+mrHO4Rm7DtmnqROTUkHIkqffC84YY7AeqX6oFk0WFg==}
    engines: {node: '>=18'}

  make-error@1.3.6:
    resolution: {integrity: sha512-s8UhlNe7vPKomQhC1qFelMokr/Sc3AgNbso3n74mVPA5LTZwkB9NlXf4XPamLxJE8h0gh73rM94xvwRT2CVInw==}

  mimic-function@5.0.1:
    resolution: {integrity: sha512-VP79XUPxV2CigYP3jWwAUFSku2aKqBH7uTAapFWCBqutsbmDo96KY5o8uh6U+/YSIn5OxJnXp73beVkpqMIGhA==}
    engines: {node: '>=18'}

  msgpackr-extract@3.0.4:
    resolution: {integrity: sha512-4kmO/MdyUIkLIvTPr8VHLil4AtoKIoniWPIEk5+CDy0xnWC84azhSFmuJ7PxZdsYtiP5kEeQsORAVIeMgxT+Hw==}
    hasBin: true

  msgpackr@2.0.4:
    resolution: {integrity: sha512-o1C5KRmuRt+apqMr1HuGSqWStZoRBUpEsCsl15uM9VdAF1qHLtvMOU2En747EnTyEl6c4pzPewRMFF31s1CNbA==}

  multipasta@0.2.7:
    resolution: {integrity: sha512-KPA58d68KgGil15oDqXjkUBEBYc00XvbPj5/X+dyzeo/lWm9Nc25pQRlf1D+gv4OpK7NM0J1odrbu9JNNGvynA==}

  node-gyp-build-optional-packages@5.2.2:
    resolution: {integrity: sha512-s+w+rBWnpTMwSFbaE0UXsRlg7hU4FjekKU4eyAih5T8nJuNZT1nNsskXpxmeqSK9UzkBl6UgRlnKc8hz8IEqOw==}
    hasBin: true

  onetime@7.0.0:
    resolution: {integrity: sha512-VXJjc87FScF88uafS3JllDgvAm+c/Slfz06lorj2uAY34rlUu0Nt+v8wreiImcrgAjjIHp1rXpTDlLOGw29WwQ==}
    engines: {node: '>=18'}

  ora@9.4.0:
    resolution: {integrity: sha512-84cglkRILFxdtA8hAvLNdMrtBpPNBTrQ9/ulg0FA7xLMnD6mifv+enAIeRmvtv+WgdCE+LPGOfQmtJRrVaIVhQ==}
    engines: {node: '>=20'}

  oxfmt@0.55.0:
    resolution: {integrity: sha512-jSj2wCTakwgPMxkfiVZX0jf+nX+Nz6xlyAZjqNE0qXTFdCBPYlP6JAN+ODjmealw7DXBjOzYbdsqwBMAZnPZ6A==}
    engines: {node: ^20.19.0 || >=22.12.0}
    hasBin: true
    peerDependencies:
      svelte: ^5.0.0
      vite-plus: '*'
    peerDependenciesMeta:
      svelte:
        optional: true
      vite-plus:
        optional: true

  oxlint@1.70.0:
    resolution: {integrity: sha512-D6JgHtzkhRwvEC+A0Nw5AEc5bk8x5i1pHzvZIEf/a0C4hOzmAACNGtkDGPyFaxxX3ZVGxCPeig3P3rMM8XU3/g==}
    engines: {node: ^20.19.0 || >=22.12.0}
    hasBin: true
    peerDependencies:
      oxlint-tsgolint: '>=0.22.1'
      vite-plus: '*'
    peerDependenciesMeta:
      oxlint-tsgolint:
        optional: true
      vite-plus:
        optional: true

  pure-rand@8.4.0:
    resolution: {integrity: sha512-IoM8YF/jY0hiugFo/wOWqfmarlE6J0wc6fDK1PhftMk7MGhVZl88sZimmqBBFomLOCSmcCCpsfj7wXASCpvK9A==}

  restore-cursor@5.1.0:
    resolution: {integrity: sha512-oMA2dcrw6u0YfxJQXm342bFKX/E4sG9rbTzO9ptUcR/e8A33cHuvStiYOwH7fszkZlZ1z/ta9AAoPk2F4qIOHA==}
    engines: {node: '>=18'}

  signal-exit@4.1.0:
    resolution: {integrity: sha512-bzyZ1e88w9O1iNJbKnOlvYTrWPDl46O1bG0D3XInv+9tkPrxrN8jUUTiFlDkkmKWgn1M6CfIA13SuGqOa9Korw==}
    engines: {node: '>=14'}

  stdin-discarder@0.3.2:
    resolution: {integrity: sha512-eCPu1qRxPVkl5605OTWF8Wz40b4Mf45NY5LQmVPQ599knfs5QhASUm9GbJ5BDMDOXgrnh0wyEdvzmL//YMlw0A==}
    engines: {node: '>=18'}

  string-width@8.2.1:
    resolution: {integrity: sha512-IIaP0g3iy9Cyy18w3M9YcaDudujEAVHKt3a3QJg1+sr/oX96TbaGUubG0hJyCjCBThFH+tFpcIyoUHUn1ogaLA==}
    engines: {node: '>=20'}

  strip-ansi@7.2.0:
    resolution: {integrity: sha512-yDPMNjp4WyfYBkHnjIRLfca1i6KMyGCtsVgoKe/z1+6vukgaENdgGBZt+ZmKPc4gavvEZ5OgHfHdrazhgNyG7w==}
    engines: {node: '>=12'}

  tinypool@2.1.0:
    resolution: {integrity: sha512-Pugqs6M0m7Lv1I7FtxN4aoyToKg1C4tu+/381vH35y8oENM/Ai7f7C4StcoK4/+BSw9ebcS8jRiVrORFKCALLw==}
    engines: {node: ^20.0.0 || >=22.0.0}

  toml@4.1.1:
    resolution: {integrity: sha512-EBJnVBr3dTXdA89WVFoAIPUqkBjxPMwRqsfuo1r240tKFHXv3zgca4+NJib/h6TyvGF7vOawz0jGuryJCdNHrw==}
    engines: {node: '>=20'}

  ts-node@10.9.2:
    resolution: {integrity: sha512-f0FFpIdcHgn8zcPSbf1dRevwt047YMnaiJM3u2w2RewrB+fob/zePZcrOyQoLMMO7aBIddLcQIEK5dYjkLnGrQ==}
    hasBin: true
    peerDependencies:
      '@swc/core': '>=1.2.50'
      '@swc/wasm': '>=1.2.50'
      '@types/node': '*'
      typescript: '>=2.7'
    peerDependenciesMeta:
      '@swc/core':
        optional: true
      '@swc/wasm':
        optional: true

  tsx@4.22.4:
    resolution: {integrity: sha512-X8EX+XV4QR5xCsrgxaED954zTDfY8KqlDtskKEL0cHhyS/P8b4IFOvGDQpsC9Q1XnLq915wEfwwY/zzskCtmhg==}
    engines: {node: '>=18.0.0'}
    hasBin: true

  typescript@6.0.3:
    resolution: {integrity: sha512-y2TvuxSZPDyQakkFRPZHKFm+KKVqIisdg9/CZwm9ftvKXLP8NRWj38/ODjNbr43SsoXqNuAisEf1GdCxqWcdBw==}
    engines: {node: '>=14.17'}
    hasBin: true

  undici-types@7.24.6:
    resolution: {integrity: sha512-WRNW+sJgj5OBN4/0JpHFqtqzhpbnV0GuB+OozA9gCL7a993SmU+1JBZCzLNxYsbMfIeDL+lTsphD5jN5N+n0zg==}

  uuid@14.0.0:
    resolution: {integrity: sha512-Qo+uWgilfSmAhXCMav1uYFynlQO7fMFiMVZsQqZRMIXp0O7rR7qjkj+cPvBHLgBqi960QCoo/PH2/6ZtVqKvrg==}
    hasBin: true

  v8-compile-cache-lib@3.0.1:
    resolution: {integrity: sha512-wa7YjyUGfNZngI/vtK0UHAN+lgDCxBPCylVXGp0zu59Fz5aiGtNXaq3DhIov063MorB+VfufLh3JlF2KdTK3xg==}

  yaml@2.9.0:
    resolution: {integrity: sha512-2AvhNX3mb8zd6Zy7INTtSpl1F15HW6Wnqj0srWlkKLcpYl/gMIMJiyuGq2KeI2YFxUPjdlB+3Lc10seMLtL4cA==}
    engines: {node: '>= 14.6'}
    hasBin: true

  yn@3.1.1:
    resolution: {integrity: sha512-Ux4ygGWsu2c7isFWe8Yu1YluJmqVhxqK2cLXNQA5AcC3QfbGNpM7fu0Y8b/z16pXLnFxZYvWhd3fhBY9DLmC6Q==}
    engines: {node: '>=6'}

  yoctocolors@2.1.2:
    resolution: {integrity: sha512-CzhO+pFNo8ajLM2d2IW/R93ipy99LWjtwblvC1RsoSUMZgyLbYFr221TnSNT7GjGdYui6P459mw9JH/g/zW2ug==}
    engines: {node: '>=18'}

snapshots:

  '@cspotcode/source-map-support@0.8.1':
    dependencies:
      '@jridgewell/trace-mapping': 0.3.9

  '@effect/ai-openai-compat@4.0.0-beta.83(effect@4.0.0-beta.83)':
    dependencies:
      effect: 4.0.0-beta.83

  '@effect/ai-openai@4.0.0-beta.83(effect@4.0.0-beta.83)':
    dependencies:
      effect: 4.0.0-beta.83

  '@esbuild/aix-ppc64@0.28.1':
    optional: true

  '@esbuild/android-arm64@0.28.1':
    optional: true

  '@esbuild/android-arm@0.28.1':
    optional: true

  '@esbuild/android-x64@0.28.1':
    optional: true

  '@esbuild/darwin-arm64@0.28.1':
    optional: true

  '@esbuild/darwin-x64@0.28.1':
    optional: true

  '@esbuild/freebsd-arm64@0.28.1':
    optional: true

  '@esbuild/freebsd-x64@0.28.1':
    optional: true

  '@esbuild/linux-arm64@0.28.1':
    optional: true

  '@esbuild/linux-arm@0.28.1':
    optional: true

  '@esbuild/linux-ia32@0.28.1':
    optional: true

  '@esbuild/linux-loong64@0.28.1':
    optional: true

  '@esbuild/linux-mips64el@0.28.1':
    optional: true

  '@esbuild/linux-ppc64@0.28.1':
    optional: true

  '@esbuild/linux-riscv64@0.28.1':
    optional: true

  '@esbuild/linux-s390x@0.28.1':
    optional: true

  '@esbuild/linux-x64@0.28.1':
    optional: true

  '@esbuild/netbsd-arm64@0.28.1':
    optional: true

  '@esbuild/netbsd-x64@0.28.1':
    optional: true

  '@esbuild/openbsd-arm64@0.28.1':
    optional: true

  '@esbuild/openbsd-x64@0.28.1':
    optional: true

  '@esbuild/openharmony-arm64@0.28.1':
    optional: true

  '@esbuild/sunos-x64@0.28.1':
    optional: true

  '@esbuild/win32-arm64@0.28.1':
    optional: true

  '@esbuild/win32-ia32@0.28.1':
    optional: true

  '@esbuild/win32-x64@0.28.1':
    optional: true

  '@jridgewell/resolve-uri@3.1.2': {}

  '@jridgewell/sourcemap-codec@1.5.5': {}

  '@jridgewell/trace-mapping@0.3.9':
    dependencies:
      '@jridgewell/resolve-uri': 3.1.2
      '@jridgewell/sourcemap-codec': 1.5.5

  '@msgpackr-extract/msgpackr-extract-darwin-arm64@3.0.4':
    optional: true

  '@msgpackr-extract/msgpackr-extract-darwin-x64@3.0.4':
    optional: true

  '@msgpackr-extract/msgpackr-extract-linux-arm64@3.0.4':
    optional: true

  '@msgpackr-extract/msgpackr-extract-linux-arm@3.0.4':
    optional: true

  '@msgpackr-extract/msgpackr-extract-linux-x64@3.0.4':
    optional: true

  '@msgpackr-extract/msgpackr-extract-win32-x64@3.0.4':
    optional: true

  '@oxfmt/binding-android-arm-eabi@0.55.0':
    optional: true

  '@oxfmt/binding-android-arm64@0.55.0':
    optional: true

  '@oxfmt/binding-darwin-arm64@0.55.0':
    optional: true

  '@oxfmt/binding-darwin-x64@0.55.0':
    optional: true

  '@oxfmt/binding-freebsd-x64@0.55.0':
    optional: true

  '@oxfmt/binding-linux-arm-gnueabihf@0.55.0':
    optional: true

  '@oxfmt/binding-linux-arm-musleabihf@0.55.0':
    optional: true

  '@oxfmt/binding-linux-arm64-gnu@0.55.0':
    optional: true

  '@oxfmt/binding-linux-arm64-musl@0.55.0':
    optional: true

  '@oxfmt/binding-linux-ppc64-gnu@0.55.0':
    optional: true

  '@oxfmt/binding-linux-riscv64-gnu@0.55.0':
    optional: true

  '@oxfmt/binding-linux-riscv64-musl@0.55.0':
    optional: true

  '@oxfmt/binding-linux-s390x-gnu@0.55.0':
    optional: true

  '@oxfmt/binding-linux-x64-gnu@0.55.0':
    optional: true

  '@oxfmt/binding-linux-x64-musl@0.55.0':
    optional: true

  '@oxfmt/binding-openharmony-arm64@0.55.0':
    optional: true

  '@oxfmt/binding-win32-arm64-msvc@0.55.0':
    optional: true

  '@oxfmt/binding-win32-ia32-msvc@0.55.0':
    optional: true

  '@oxfmt/binding-win32-x64-msvc@0.55.0':
    optional: true

  '@oxlint/binding-android-arm-eabi@1.70.0':
    optional: true

  '@oxlint/binding-android-arm64@1.70.0':
    optional: true

  '@oxlint/binding-darwin-arm64@1.70.0':
    optional: true

  '@oxlint/binding-darwin-x64@1.70.0':
    optional: true

  '@oxlint/binding-freebsd-x64@1.70.0':
    optional: true

  '@oxlint/binding-linux-arm-gnueabihf@1.70.0':
    optional: true

  '@oxlint/binding-linux-arm-musleabihf@1.70.0':
    optional: true

  '@oxlint/binding-linux-arm64-gnu@1.70.0':
    optional: true

  '@oxlint/binding-linux-arm64-musl@1.70.0':
    optional: true

  '@oxlint/binding-linux-ppc64-gnu@1.70.0':
    optional: true

  '@oxlint/binding-linux-riscv64-gnu@1.70.0':
    optional: true

  '@oxlint/binding-linux-riscv64-musl@1.70.0':
    optional: true

  '@oxlint/binding-linux-s390x-gnu@1.70.0':
    optional: true

  '@oxlint/binding-linux-x64-gnu@1.70.0':
    optional: true

  '@oxlint/binding-linux-x64-musl@1.70.0':
    optional: true

  '@oxlint/binding-openharmony-arm64@1.70.0':
    optional: true

  '@oxlint/binding-win32-arm64-msvc@1.70.0':
    optional: true

  '@oxlint/binding-win32-ia32-msvc@1.70.0':
    optional: true

  '@oxlint/binding-win32-x64-msvc@1.70.0':
    optional: true

  '@standard-schema/spec@1.1.0': {}

  '@tsconfig/node10@1.0.12': {}

  '@tsconfig/node12@1.0.11': {}

  '@tsconfig/node14@1.0.3': {}

  '@tsconfig/node16@1.0.4': {}

  '@types/node@25.9.3':
    dependencies:
      undici-types: 7.24.6

  acorn-walk@8.3.5:
    dependencies:
      acorn: 8.17.0

  acorn@8.17.0: {}

  ansi-regex@6.2.2: {}

  arg@4.1.3: {}

  chalk@5.6.2: {}

  cli-cursor@5.0.0:
    dependencies:
      restore-cursor: 5.1.0

  cli-spinners@3.4.0: {}

  create-require@1.1.1: {}

  detect-libc@2.1.2:
    optional: true

  diff@4.0.4: {}

  dotenv@17.4.2: {}

  effect@4.0.0-beta.83:
    dependencies:
      '@standard-schema/spec': 1.1.0
      fast-check: 4.8.0
      find-my-way-ts: 0.1.6
      ini: 7.0.0
      kubernetes-types: 1.30.0
      msgpackr: 2.0.4
      multipasta: 0.2.7
      toml: 4.1.1
      uuid: 14.0.0
      yaml: 2.9.0

  esbuild@0.28.1:
    optionalDependencies:
      '@esbuild/aix-ppc64': 0.28.1
      '@esbuild/android-arm': 0.28.1
      '@esbuild/android-arm64': 0.28.1
      '@esbuild/android-x64': 0.28.1
      '@esbuild/darwin-arm64': 0.28.1
      '@esbuild/darwin-x64': 0.28.1
      '@esbuild/freebsd-arm64': 0.28.1
      '@esbuild/freebsd-x64': 0.28.1
      '@esbuild/linux-arm': 0.28.1
      '@esbuild/linux-arm64': 0.28.1
      '@esbuild/linux-ia32': 0.28.1
      '@esbuild/linux-loong64': 0.28.1
      '@esbuild/linux-mips64el': 0.28.1
      '@esbuild/linux-ppc64': 0.28.1
      '@esbuild/linux-riscv64': 0.28.1
      '@esbuild/linux-s390x': 0.28.1
      '@esbuild/linux-x64': 0.28.1
      '@esbuild/netbsd-arm64': 0.28.1
      '@esbuild/netbsd-x64': 0.28.1
      '@esbuild/openbsd-arm64': 0.28.1
      '@esbuild/openbsd-x64': 0.28.1
      '@esbuild/openharmony-arm64': 0.28.1
      '@esbuild/sunos-x64': 0.28.1
      '@esbuild/win32-arm64': 0.28.1
      '@esbuild/win32-ia32': 0.28.1
      '@esbuild/win32-x64': 0.28.1

  fast-check@4.8.0:
    dependencies:
      pure-rand: 8.4.0

  find-my-way-ts@0.1.6: {}

  fsevents@2.3.3:
    optional: true

  get-east-asian-width@1.6.0: {}

  ini@7.0.0: {}

  is-interactive@2.0.0: {}

  is-unicode-supported@2.1.0: {}

  kubernetes-types@1.30.0: {}

  log-symbols@7.0.1:
    dependencies:
      is-unicode-supported: 2.1.0
      yoctocolors: 2.1.2

  make-error@1.3.6: {}

  mimic-function@5.0.1: {}

  msgpackr-extract@3.0.4:
    dependencies:
      node-gyp-build-optional-packages: 5.2.2
    optionalDependencies:
      '@msgpackr-extract/msgpackr-extract-darwin-arm64': 3.0.4
      '@msgpackr-extract/msgpackr-extract-darwin-x64': 3.0.4
      '@msgpackr-extract/msgpackr-extract-linux-arm': 3.0.4
      '@msgpackr-extract/msgpackr-extract-linux-arm64': 3.0.4
      '@msgpackr-extract/msgpackr-extract-linux-x64': 3.0.4
      '@msgpackr-extract/msgpackr-extract-win32-x64': 3.0.4
    optional: true

  msgpackr@2.0.4:
    optionalDependencies:
      msgpackr-extract: 3.0.4

  multipasta@0.2.7: {}

  node-gyp-build-optional-packages@5.2.2:
    dependencies:
      detect-libc: 2.1.2
    optional: true

  onetime@7.0.0:
    dependencies:
      mimic-function: 5.0.1

  ora@9.4.0:
    dependencies:
      chalk: 5.6.2
      cli-cursor: 5.0.0
      cli-spinners: 3.4.0
      is-interactive: 2.0.0
      is-unicode-supported: 2.1.0
      log-symbols: 7.0.1
      stdin-discarder: 0.3.2
      string-width: 8.2.1

  oxfmt@0.55.0:
    dependencies:
      tinypool: 2.1.0
    optionalDependencies:
      '@oxfmt/binding-android-arm-eabi': 0.55.0
      '@oxfmt/binding-android-arm64': 0.55.0
      '@oxfmt/binding-darwin-arm64': 0.55.0
      '@oxfmt/binding-darwin-x64': 0.55.0
      '@oxfmt/binding-freebsd-x64': 0.55.0
      '@oxfmt/binding-linux-arm-gnueabihf': 0.55.0
      '@oxfmt/binding-linux-arm-musleabihf': 0.55.0
      '@oxfmt/binding-linux-arm64-gnu': 0.55.0
      '@oxfmt/binding-linux-arm64-musl': 0.55.0
      '@oxfmt/binding-linux-ppc64-gnu': 0.55.0
      '@oxfmt/binding-linux-riscv64-gnu': 0.55.0
      '@oxfmt/binding-linux-riscv64-musl': 0.55.0
      '@oxfmt/binding-linux-s390x-gnu': 0.55.0
      '@oxfmt/binding-linux-x64-gnu': 0.55.0
      '@oxfmt/binding-linux-x64-musl': 0.55.0
      '@oxfmt/binding-openharmony-arm64': 0.55.0
      '@oxfmt/binding-win32-arm64-msvc': 0.55.0
      '@oxfmt/binding-win32-ia32-msvc': 0.55.0
      '@oxfmt/binding-win32-x64-msvc': 0.55.0

  oxlint@1.70.0:
    optionalDependencies:
      '@oxlint/binding-android-arm-eabi': 1.70.0
      '@oxlint/binding-android-arm64': 1.70.0
      '@oxlint/binding-darwin-arm64': 1.70.0
      '@oxlint/binding-darwin-x64': 1.70.0
      '@oxlint/binding-freebsd-x64': 1.70.0
      '@oxlint/binding-linux-arm-gnueabihf': 1.70.0
      '@oxlint/binding-linux-arm-musleabihf': 1.70.0
      '@oxlint/binding-linux-arm64-gnu': 1.70.0
      '@oxlint/binding-linux-arm64-musl': 1.70.0
      '@oxlint/binding-linux-ppc64-gnu': 1.70.0
      '@oxlint/binding-linux-riscv64-gnu': 1.70.0
      '@oxlint/binding-linux-riscv64-musl': 1.70.0
      '@oxlint/binding-linux-s390x-gnu': 1.70.0
      '@oxlint/binding-linux-x64-gnu': 1.70.0
      '@oxlint/binding-linux-x64-musl': 1.70.0
      '@oxlint/binding-openharmony-arm64': 1.70.0
      '@oxlint/binding-win32-arm64-msvc': 1.70.0
      '@oxlint/binding-win32-ia32-msvc': 1.70.0
      '@oxlint/binding-win32-x64-msvc': 1.70.0

  pure-rand@8.4.0: {}

  restore-cursor@5.1.0:
    dependencies:
      onetime: 7.0.0
      signal-exit: 4.1.0

  signal-exit@4.1.0: {}

  stdin-discarder@0.3.2: {}

  string-width@8.2.1:
    dependencies:
      get-east-asian-width: 1.6.0
      strip-ansi: 7.2.0

  strip-ansi@7.2.0:
    dependencies:
      ansi-regex: 6.2.2

  tinypool@2.1.0: {}

  toml@4.1.1: {}

  ts-node@10.9.2(@types/node@25.9.3)(typescript@6.0.3):
    dependencies:
      '@cspotcode/source-map-support': 0.8.1
      '@tsconfig/node10': 1.0.12
      '@tsconfig/node12': 1.0.11
      '@tsconfig/node14': 1.0.3
      '@tsconfig/node16': 1.0.4
      '@types/node': 25.9.3
      acorn: 8.17.0
      acorn-walk: 8.3.5
      arg: 4.1.3
      create-require: 1.1.1
      diff: 4.0.4
      make-error: 1.3.6
      typescript: 6.0.3
      v8-compile-cache-lib: 3.0.1
      yn: 3.1.1

  tsx@4.22.4:
    dependencies:
      esbuild: 0.28.1
    optionalDependencies:
      fsevents: 2.3.3

  typescript@6.0.3: {}

  undici-types@7.24.6: {}

  uuid@14.0.0: {}

  v8-compile-cache-lib@3.0.1: {}

  yaml@2.9.0: {}

  yn@3.1.1: {}

  yoctocolors@2.1.2: {}
